// !$*UTF8*$!
{
	archiveVersion = 1;
	classes = {
	};
	objectVersion = 46;
	objects = {

/* Begin PBXBuildFile section */
		_LinkFileRef_SwizzleKit_via_SwizzleKitTestSuite /* SwizzleKit.framework in Frameworks */ = {isa = PBXBuildFile; fileRef = "_____Product_SwizzleKit" /* SwizzleKit.framework */; };
		__src_cc_ref_Sources/Swizzleable.swift /* Swizzleable.swift in Sources */ = {isa = PBXBuildFile; fileRef = __PBXFileRef_Sources/Swizzleable.swift /* Swizzleable.swift */; };
		__src_cc_ref_Tests/SwizzleKit/SwizzleKitTests.swift /* SwizzleKitTests.swift in Sources */ = {isa = PBXBuildFile; fileRef = __PBXFileRef_Tests/SwizzleKit/SwizzleKitTests.swift /* SwizzleKitTests.swift */; };
/* End PBXBuildFile section */

/* Begin PBXContainerItemProxy section */
		AAA8A88B1D118D1800CBE7A3 /* PBXContainerItemProxy */ = {
			isa = PBXContainerItemProxy;
			containerPortal = __RootObject_ /* Project object */;
			proxyType = 1;
			remoteGlobalIDString = "______Target_SwizzleKit";
			remoteInfo = SwizzleKit;
		};
/* End PBXContainerItemProxy section */

/* Begin PBXFileReference section */
		AA1573061D1193C6000DE900 /* Example.playground */ = {isa = PBXFileReference; lastKnownFileType = file.playground; path = Example.playground; sourceTree = "<group>"; };
		__PBXFileRef_Package.swift /* Package.swift */ = {isa = PBXFileReference; lastKnownFileType = sourcecode.swift; path = Package.swift; sourceTree = "<group>"; };
		__PBXFileRef_Sources/Swizzleable.swift /* Swizzleable.swift */ = {isa = PBXFileReference; lastKnownFileType = sourcecode.swift; path = Swizzleable.swift; sourceTree = "<group>"; };
		__PBXFileRef_SwizzleKit.xcodeproj/Configs/Project.xcconfig /* Project.xcconfig */ = {isa = PBXFileReference; lastKnownFileType = text.xcconfig; name = Project.xcconfig; path = SwizzleKit.xcodeproj/Configs/Project.xcconfig; sourceTree = "<group>"; };
		__PBXFileRef_SwizzleKitTestSuite_Info.plist /* SwizzleKitTestSuite_Info.plist */ = {isa = PBXFileReference; lastKnownFileType = text.plist.xml; name = SwizzleKitTestSuite_Info.plist; path = SwizzleKit.xcodeproj/SwizzleKitTestSuite_Info.plist; sourceTree = SOURCE_ROOT; };
		__PBXFileRef_SwizzleKit_Info.plist /* SwizzleKit_Info.plist */ = {isa = PBXFileReference; lastKnownFileType = text.plist.xml; name = SwizzleKit_Info.plist; path = SwizzleKit.xcodeproj/SwizzleKit_Info.plist; sourceTree = SOURCE_ROOT; };
		__PBXFileRef_Tests/SwizzleKit/SwizzleKitTests.swift /* SwizzleKitTests.swift */ = {isa = PBXFileReference; lastKnownFileType = sourcecode.swift; path = SwizzleKitTests.swift; sourceTree = "<group>"; };
		"_____Product_SwizzleKit" /* SwizzleKit.framework */ = {isa = PBXFileReference; explicitFileType = wrapper.framework; path = SwizzleKit.framework; sourceTree = BUILT_PRODUCTS_DIR; };
		"_____Product_SwizzleKitTestSuite" /* SwizzleKitTestSuite.xctest */ = {isa = PBXFileReference; lastKnownFileType = file; path = SwizzleKitTestSuite.xctest; sourceTree = BUILT_PRODUCTS_DIR; };
/* End PBXFileReference section */

/* Begin PBXFrameworksBuildPhase section */
		"___LinkPhase_SwizzleKit" /* Frameworks */ = {
			isa = PBXFrameworksBuildPhase;
			buildActionMask = 0;
			files = (
			);
			runOnlyForDeploymentPostprocessing = 0;
		};
		"___LinkPhase_SwizzleKitTestSuite" /* Frameworks */ = {
			isa = PBXFrameworksBuildPhase;
			buildActionMask = 0;
			files = (
				_LinkFileRef_SwizzleKit_via_SwizzleKitTestSuite /* SwizzleKit.framework in Frameworks */,
			);
			runOnlyForDeploymentPostprocessing = 0;
		};
/* End PBXFrameworksBuildPhase section */

/* Begin PBXGroup section */
		TestProducts_ /* Tests */ = {
			isa = PBXGroup;
			children = (
				"_____Product_SwizzleKitTestSuite" /* SwizzleKitTestSuite.xctest */,
			);
			name = Tests;
			sourceTree = "<group>";
		};
		"___RootGroup_" = {
			isa = PBXGroup;
			children = (
				__PBXFileRef_Package.swift /* Package.swift */,
				AA1573061D1193C6000DE900 /* Example.playground */,
				"_____Configs_" /* Configs */,
				"_____Sources_" /* Sources */,
				"_______Tests_" /* Tests */,
				"____Products_" /* Products */,
			);
			sourceTree = "<group>";
		};
		"____Products_" /* Products */ = {
			isa = PBXGroup;
			children = (
				TestProducts_ /* Tests */,
				"_____Product_SwizzleKit" /* SwizzleKit.framework */,
			);
			name = Products;
			sourceTree = "<group>";
		};
		"_____Configs_" /* Configs */ = {
			isa = PBXGroup;
			children = (
				__PBXFileRef_SwizzleKit.xcodeproj/Configs/Project.xcconfig /* Project.xcconfig */,
			);
			name = Configs;
			sourceTree = "<group>";
		};
		"_____Sources_" /* Sources */ = {
			isa = PBXGroup;
			children = (
				"_______Group_SwizzleKit" /* SwizzleKit */,
			);
			name = Sources;
			sourceTree = "<group>";
		};
		"_______Group_SwizzleKit" /* SwizzleKit */ = {
			isa = PBXGroup;
			children = (
				__PBXFileRef_Sources/Swizzleable.swift /* Swizzleable.swift */,
				__PBXFileRef_SwizzleKit_Info.plist /* SwizzleKit_Info.plist */,
			);
			name = SwizzleKit;
			path = Sources;
			sourceTree = "<group>";
		};
		"_______Group_SwizzleKitTestSuite" /* SwizzleKitTestSuite */ = {
			isa = PBXGroup;
			children = (
				__PBXFileRef_Tests/SwizzleKit/SwizzleKitTests.swift /* SwizzleKitTests.swift */,
				__PBXFileRef_SwizzleKitTestSuite_Info.plist /* SwizzleKitTestSuite_Info.plist */,
			);
			name = SwizzleKitTestSuite;
			path = Tests/SwizzleKit;
			sourceTree = "<group>";
		};
		"_______Tests_" /* Tests */ = {
			isa = PBXGroup;
			children = (
				"_______Group_SwizzleKitTestSuite" /* SwizzleKitTestSuite */,
			);
			name = Tests;
			sourceTree = "<group>";
		};
/* End PBXGroup section */

/* Begin PBXNativeTarget section */
		"______Target_SwizzleKit" /* SwizzleKit */ = {
			isa = PBXNativeTarget;
			buildConfigurationList = "_______Confs_SwizzleKit" /* Build configuration list for PBXNativeTarget "SwizzleKit" */;
			buildPhases = (
				CompilePhase_SwizzleKit /* Sources */,
				"___LinkPhase_SwizzleKit" /* Frameworks */,
			);
			buildRules = (
			);
			dependencies = (
			);
			name = SwizzleKit;
			productName = SwizzleKit;
			productReference = "_____Product_SwizzleKit" /* SwizzleKit.framework */;
			productType = "com.apple.product-type.framework";
		};
		"______Target_SwizzleKitTestSuite" /* SwizzleKitTestSuite */ = {
			isa = PBXNativeTarget;
			buildConfigurationList = "_______Confs_SwizzleKitTestSuite" /* Build configuration list for PBXNativeTarget "SwizzleKitTestSuite" */;
			buildPhases = (
				CompilePhase_SwizzleKitTestSuite /* Sources */,
				"___LinkPhase_SwizzleKitTestSuite" /* Frameworks */,
			);
			buildRules = (
			);
			dependencies = (
				__Dependency_SwizzleKit /* PBXTargetDependency */,
			);
			name = SwizzleKitTestSuite;
			productName = SwizzleKitTestSuite;
			productReference = "_____Product_SwizzleKitTestSuite" /* SwizzleKitTestSuite.xctest */;
			productType = "com.apple.product-type.bundle.unit-test";
		};
/* End PBXNativeTarget section */

/* Begin PBXProject section */
		__RootObject_ /* Project object */ = {
			isa = PBXProject;
			attributes = {
				LastUpgradeCheck = 9999;
			};
			buildConfigurationList = "___RootConfs_" /* Build configuration list for PBXProject "SwizzleKit" */;
			compatibilityVersion = "Xcode 3.2";
			developmentRegion = English;
			hasScannedForEncodings = 0;
			knownRegions = (
				en,
			);
			mainGroup = "___RootGroup_";
			productRefGroup = "____Products_" /* Products */;
			projectDirPath = "";
			projectRoot = "";
			targets = (
				"______Target_SwizzleKit" /* SwizzleKit */,
				"______Target_SwizzleKitTestSuite" /* SwizzleKitTestSuite */,
			);
		};
/* End PBXProject section */

/* Begin PBXSourcesBuildPhase section */
		CompilePhase_SwizzleKit /* Sources */ = {
			isa = PBXSourcesBuildPhase;
			buildActionMask = 0;
			files = (
				__src_cc_ref_Sources/Swizzleable.swift /* Swizzleable.swift in Sources */,
			);
			runOnlyForDeploymentPostprocessing = 0;
		};
		CompilePhase_SwizzleKitTestSuite /* Sources */ = {
			isa = PBXSourcesBuildPhase;
			buildActionMask = 0;
			files = (
				__src_cc_ref_Tests/SwizzleKit/SwizzleKitTests.swift /* SwizzleKitTests.swift in Sources */,
			);
			runOnlyForDeploymentPostprocessing = 0;
		};
/* End PBXSourcesBuildPhase section */

/* Begin PBXTargetDependency section */
		__Dependency_SwizzleKit /* PBXTargetDependency */ = {
			isa = PBXTargetDependency;
			target = "______Target_SwizzleKit" /* SwizzleKit */;
			targetProxy = AAA8A88B1D118D1800CBE7A3 /* PBXContainerItemProxy */;
		};
/* End PBXTargetDependency section */

/* Begin XCBuildConfiguration section */
		_ReleaseConf_SwizzleKit /* Release */ = {
			isa = XCBuildConfiguration;
			buildSettings = {
				APPLICATION_EXTENSION_API_ONLY = YES;
				ENABLE_TESTABILITY = YES;
				INFOPLIST_FILE = SwizzleKit.xcodeproj/SwizzleKit_Info.plist;
				LD_RUNPATH_SEARCH_PATHS = "$(TOOLCHAIN_DIR)/usr/lib/swift/macosx";
				OTHER_LDFLAGS = "$(inherited)";
				OTHER_SWIFT_FLAGS = "$(inherited)";
				PRODUCT_MODULE_NAME = "$(TARGET_NAME:c99extidentifier)";
				PRODUCT_NAME = "$(TARGET_NAME:c99extidentifier)";
			};
			name = Release;
		};
		_ReleaseConf_SwizzleKitTestSuite /* Release */ = {
			isa = XCBuildConfiguration;
			buildSettings = {
				EMBEDDED_CONTENT_CONTAINS_SWIFT = YES;
				INFOPLIST_FILE = SwizzleKit.xcodeproj/SwizzleKitTestSuite_Info.plist;
				LD_RUNPATH_SEARCH_PATHS = "@loader_path/../Frameworks";
				OTHER_LDFLAGS = "$(inherited)";
				OTHER_SWIFT_FLAGS = "$(inherited)";
			};
			name = Release;
		};
		"___DebugConf_SwizzleKit" /* Debug */ = {
			isa = XCBuildConfiguration;
			buildSettings = {
				APPLICATION_EXTENSION_API_ONLY = YES;
				ENABLE_TESTABILITY = YES;
				INFOPLIST_FILE = SwizzleKit.xcodeproj/SwizzleKit_Info.plist;
				LD_RUNPATH_SEARCH_PATHS = "$(TOOLCHAIN_DIR)/usr/lib/swift/macosx";
				OTHER_LDFLAGS = "$(inherited)";
				OTHER_SWIFT_FLAGS = "$(inherited)";
				PRODUCT_MODULE_NAME = "$(TARGET_NAME:c99extidentifier)";
				PRODUCT_NAME = "$(TARGET_NAME:c99extidentifier)";
				SWIFT_OPTIMIZATION_LEVEL = "-Onone";
			};
			name = Debug;
		};
		"___DebugConf_SwizzleKitTestSuite" /* Debug */ = {
			isa = XCBuildConfiguration;
			buildSettings = {
				EMBEDDED_CONTENT_CONTAINS_SWIFT = YES;
				INFOPLIST_FILE = SwizzleKit.xcodeproj/SwizzleKitTestSuite_Info.plist;
				LD_RUNPATH_SEARCH_PATHS = "@loader_path/../Frameworks";
				OTHER_LDFLAGS = "$(inherited)";
				OTHER_SWIFT_FLAGS = "$(inherited)";
				SWIFT_OPTIMIZATION_LEVEL = "-Onone";
			};
			name = Debug;
		};
		"_____Release_" /* Release */ = {
			isa = XCBuildConfiguration;
			baseConfigurationReference = __PBXFileRef_SwizzleKit.xcodeproj/Configs/Project.xcconfig /* Project.xcconfig */;
			buildSettings = {
			};
			name = Release;
		};
		"_______Debug_" /* Debug */ = {
			isa = XCBuildConfiguration;
			baseConfigurationReference = __PBXFileRef_SwizzleKit.xcodeproj/Configs/Project.xcconfig /* Project.xcconfig */;
			buildSettings = {
			};
			name = Debug;
		};
/* End XCBuildConfiguration section */

/* Begin XCConfigurationList section */
		"___RootConfs_" /* Build configuration list for PBXProject "SwizzleKit" */ = {
			isa = XCConfigurationList;
			buildConfigurations = (
				"_______Debug_" /* Debug */,
				"_____Release_" /* Release */,
			);
			defaultConfigurationIsVisible = 0;
			defaultConfigurationName = Debug;
		};
		"_______Confs_SwizzleKit" /* Build configuration list for PBXNativeTarget "SwizzleKit" */ = {
			isa = XCConfigurationList;
			buildConfigurations = (
				"___DebugConf_SwizzleKit" /* Debug */,
				_ReleaseConf_SwizzleKit /* Release */,
			);
			defaultConfigurationIsVisible = 0;
			defaultConfigurationName = Debug;
		};
		"_______Confs_SwizzleKitTestSuite" /* Build configuration list for PBXNativeTarget "SwizzleKitTestSuite" */ = {
			isa = XCConfigurationList;
			buildConfigurations = (
				"___DebugConf_SwizzleKitTestSuite" /* Debug */,
				_ReleaseConf_SwizzleKitTestSuite /* Release */,
			);
			defaultConfigurationIsVisible = 0;
			defaultConfigurationName = Debug;
		};
/* End XCConfigurationList section */
	};
	rootObject = __RootObject_ /* Project object */;
}
